
Microsoft Visual Studio Solution File, Format Version 12.00
# Visual Studio Version 16
VisualStudioVersion = 16.0.31321.278
MinimumVisualStudioVersion = 10.0.40219.1
Project("{9A19103F-16F7-4668-BE54-9A1E7A4F7556}") = "DatingApp", "DatingApp\DatingApp.csproj", "{FEECFF1D-EDCB-4243-8992-1078A072C4B2}"
EndProject
Global
	GlobalSection(SolutionConfigurationPlatforms) = preSolution
		Debug|Any CPU = Debug|Any CPU
		Release|Any CPU = Release|Any CPU
	EndGlobalSection
	GlobalSection(ProjectConfigurationPlatforms) = postSolution
		{FEECFF1D-EDCB-4243-8992-1078A072C4B2}.Debug|Any CPU.ActiveCfg = Debug|Any CPU
		{FEECFF1D-EDCB-4243-8992-1078A072C4B2}.Debug|Any CPU.Build.0 = Debug|Any CPU
		{FEECFF1D-EDCB-4243-8992-1078A072C4B2}.Release|Any CPU.ActiveCfg = Release|Any CPU
		{FEECFF1D-EDCB-4243-8992-1078A072C4B2}.Release|Any CPU.Build.0 = Release|Any CPU
	EndGlobalSection
	GlobalSection(SolutionProperties) = preSolution
		HideSolutionNode = FALSE
	EndGlobalSection
	GlobalSection(ExtensibilityGlobals) = postSolution
		SolutionGuid = {6335951B-567B-4262-B9F3-635FEF5848A7}
	EndGlobalSection
EndGlobal
